
Microsoft Visual Studio Solution File, Format Version 12.00
# Visual Studio Version 17
VisualStudioVersion = 17.4.33213.308
MinimumVisualStudioVersion = 10.0.40219.1
Project("{FAE04EC0-301F-11D3-BF4B-00C04F79EFBC}") = "PedFast.Android", "PedFast.Android\PedFast.Android.csproj", "{4D4317B1-D888-49FE-93B2-7B7097673C16}"
EndProject
Project("{FAE04EC0-301F-11D3-BF4B-00C04F79EFBC}") = "PedFast.iOS", "PedFast.iOS\PedFast.iOS.csproj", "{450044A7-C2D7-4DA8-A72E-2A419C243180}"
EndProject
Project("{FAE04EC0-301F-11D3-BF4B-00C04F79EFBC}") = "PedFast", "PedFast\PedFast.csproj", "{C79F9500-849C-4B5C-977C-8F09EEC765E2}"
EndProject
Global
	GlobalSection(SolutionConfigurationPlatforms) = preSolution
		Debug|Any CPU = Debug|Any CPU
		Debug|iPhone = Debug|iPhone
		Debug|iPhoneSimulator = Debug|iPhoneSimulator
		Release|Any CPU = Release|Any CPU
		Release|iPhone = Release|iPhone
		Release|iPhoneSimulator = Release|iPhoneSimulator
	EndGlobalSection
	GlobalSection(ProjectConfigurationPlatforms) = postSolution
		{4D4317B1-D888-49FE-93B2-7B7097673C16}.Debug|Any CPU.ActiveCfg = Debug|Any CPU
		{4D4317B1-D888-49FE-93B2-7B7097673C16}.Debug|Any CPU.Build.0 = Debug|Any CPU
		{4D4317B1-D888-49FE-93B2-7B7097673C16}.Debug|Any CPU.Deploy.0 = Debug|Any CPU
		{4D4317B1-D888-49FE-93B2-7B7097673C16}.Debug|iPhone.ActiveCfg = Debug|Any CPU
		{4D4317B1-D888-49FE-93B2-7B7097673C16}.Debug|iPhone.Build.0 = Debug|Any CPU
		{4D4317B1-D888-49FE-93B2-7B7097673C16}.Debug|iPhone.Deploy.0 = Debug|Any CPU
		{4D4317B1-D888-49FE-93B2-7B7097673C16}.Debug|iPhoneSimulator.ActiveCfg = Debug|Any CPU
		{4D4317B1-D888-49FE-93B2-7B7097673C16}.Debug|iPhoneSimulator.Build.0 = Debug|Any CPU
		{4D4317B1-D888-49FE-93B2-7B7097673C16}.Debug|iPhoneSimulator.Deploy.0 = Debug|Any CPU
		{4D4317B1-D888-49FE-93B2-7B7097673C16}.Release|Any CPU.ActiveCfg = Release|Any CPU
		{4D4317B1-D888-49FE-93B2-7B7097673C16}.Release|Any CPU.Build.0 = Release|Any CPU
		{4D4317B1-D888-49FE-93B2-7B7097673C16}.Release|Any CPU.Deploy.0 = Release|Any CPU
		{4D4317B1-D888-49FE-93B2-7B7097673C16}.Release|iPhone.ActiveCfg = Release|Any CPU
		{4D4317B1-D888-49FE-93B2-7B7097673C16}.Release|iPhone.Build.0 = Release|Any CPU
		{4D4317B1-D888-49FE-93B2-7B7097673C16}.Release|iPhone.Deploy.0 = Release|Any CPU
		{4D4317B1-D888-49FE-93B2-7B7097673C16}.Release|iPhoneSimulator.ActiveCfg = Release|Any CPU
		{4D4317B1-D888-49FE-93B2-7B7097673C16}.Release|iPhoneSimulator.Build.0 = Release|Any CPU
		{4D4317B1-D888-49FE-93B2-7B7097673C16}.Release|iPhoneSimulator.Deploy.0 = Release|Any CPU
		{450044A7-C2D7-4DA8-A72E-2A419C243180}.Debug|Any CPU.ActiveCfg = Debug|iPhone
		{450044A7-C2D7-4DA8-A72E-2A419C243180}.Debug|Any CPU.Build.0 = Debug|iPhone
		{450044A7-C2D7-4DA8-A72E-2A419C243180}.Debug|Any CPU.Deploy.0 = Debug|iPhone
		{450044A7-C2D7-4DA8-A72E-2A419C243180}.Debug|iPhone.ActiveCfg = Debug|iPhone
		{450044A7-C2D7-4DA8-A72E-2A419C243180}.Debug|iPhone.Build.0 = Debug|iPhone
		{450044A7-C2D7-4DA8-A72E-2A419C243180}.Debug|iPhone.Deploy.0 = Debug|iPhone
		{450044A7-C2D7-4DA8-A72E-2A419C243180}.Debug|iPhoneSimulator.ActiveCfg = Debug|iPhoneSimulator
		{450044A7-C2D7-4DA8-A72E-2A419C243180}.Debug|iPhoneSimulator.Build.0 = Debug|iPhoneSimulator
		{450044A7-C2D7-4DA8-A72E-2A419C243180}.Debug|iPhoneSimulator.Deploy.0 = Debug|iPhoneSimulator
		{450044A7-C2D7-4DA8-A72E-2A419C243180}.Release|Any CPU.ActiveCfg = Release|iPhoneSimulator
		{450044A7-C2D7-4DA8-A72E-2A419C243180}.Release|Any CPU.Build.0 = Release|iPhoneSimulator
		{450044A7-C2D7-4DA8-A72E-2A419C243180}.Release|Any CPU.Deploy.0 = Release|iPhoneSimulator
		{450044A7-C2D7-4DA8-A72E-2A419C243180}.Release|iPhone.ActiveCfg = Release|iPhone
		{450044A7-C2D7-4DA8-A72E-2A419C243180}.Release|iPhone.Build.0 = Release|iPhone
		{450044A7-C2D7-4DA8-A72E-2A419C243180}.Release|iPhone.Deploy.0 = Release|iPhone
		{450044A7-C2D7-4DA8-A72E-2A419C243180}.Release|iPhoneSimulator.ActiveCfg = Release|iPhoneSimulator
		{450044A7-C2D7-4DA8-A72E-2A419C243180}.Release|iPhoneSimulator.Build.0 = Release|iPhoneSimulator
		{450044A7-C2D7-4DA8-A72E-2A419C243180}.Release|iPhoneSimulator.Deploy.0 = Release|iPhoneSimulator
		{C79F9500-849C-4B5C-977C-8F09EEC765E2}.Debug|Any CPU.ActiveCfg = Debug|Any CPU
		{C79F9500-849C-4B5C-977C-8F09EEC765E2}.Debug|Any CPU.Build.0 = Debug|Any CPU
		{C79F9500-849C-4B5C-977C-8F09EEC765E2}.Debug|Any CPU.Deploy.0 = Debug|Any CPU
		{C79F9500-849C-4B5C-977C-8F09EEC765E2}.Debug|iPhone.ActiveCfg = Debug|Any CPU
		{C79F9500-849C-4B5C-977C-8F09EEC765E2}.Debug|iPhone.Build.0 = Debug|Any CPU
		{C79F9500-849C-4B5C-977C-8F09EEC765E2}.Debug|iPhone.Deploy.0 = Debug|Any CPU
		{C79F9500-849C-4B5C-977C-8F09EEC765E2}.Debug|iPhoneSimulator.ActiveCfg = Debug|Any CPU
		{C79F9500-849C-4B5C-977C-8F09EEC765E2}.Debug|iPhoneSimulator.Build.0 = Debug|Any CPU
		{C79F9500-849C-4B5C-977C-8F09EEC765E2}.Debug|iPhoneSimulator.Deploy.0 = Debug|Any CPU
		{C79F9500-849C-4B5C-977C-8F09EEC765E2}.Release|Any CPU.ActiveCfg = Release|Any CPU
		{C79F9500-849C-4B5C-977C-8F09EEC765E2}.Release|Any CPU.Build.0 = Release|Any CPU
		{C79F9500-849C-4B5C-977C-8F09EEC765E2}.Release|Any CPU.Deploy.0 = Release|Any CPU
		{C79F9500-849C-4B5C-977C-8F09EEC765E2}.Release|iPhone.ActiveCfg = Release|Any CPU
		{C79F9500-849C-4B5C-977C-8F09EEC765E2}.Release|iPhone.Build.0 = Release|Any CPU
		{C79F9500-849C-4B5C-977C-8F09EEC765E2}.Release|iPhone.Deploy.0 = Release|Any CPU
		{C79F9500-849C-4B5C-977C-8F09EEC765E2}.Release|iPhoneSimulator.ActiveCfg = Release|Any CPU
		{C79F9500-849C-4B5C-977C-8F09EEC765E2}.Release|iPhoneSimulator.Build.0 = Release|Any CPU
		{C79F9500-849C-4B5C-977C-8F09EEC765E2}.Release|iPhoneSimulator.Deploy.0 = Release|Any CPU
	EndGlobalSection
	GlobalSection(SolutionProperties) = preSolution
		HideSolutionNode = FALSE
	EndGlobalSection
	GlobalSection(ExtensibilityGlobals) = postSolution
		SolutionGuid = {743853CD-4999-4921-A7FB-12C07B4FAA7A}
	EndGlobalSection
EndGlobal
